
Microsoft Visual Studio Solution File, Format Version 12.00
# Visual Studio 15
VisualStudioVersion = 15.0.26730.16
MinimumVisualStudioVersion = 10.0.40219.1
Project("{FAE04EC0-301F-11D3-BF4B-00C04F79EFBC}") = "Database.Parser", "Database.Parser\Database.Parser.csproj", "{82BA41C4-B4F9-417B-AC83-40FEAFF86362}"
EndProject
Project("{FAE04EC0-301F-11D3-BF4B-00C04F79EFBC}") = "Database.Parser.Test", "Database.Parser.Test\Database.Parser.Test.csproj", "{E23B9601-3DDD-4A22-AC86-A864092027A5}"
EndProject
Global
	GlobalSection(SolutionConfigurationPlatforms) = preSolution
		Debug|Any CPU = Debug|Any CPU
		Release|Any CPU = Release|Any CPU
	EndGlobalSection
	GlobalSection(ProjectConfigurationPlatforms) = postSolution
		{82BA41C4-B4F9-417B-AC83-40FEAFF86362}.Debug|Any CPU.ActiveCfg = Debug|Any CPU
		{82BA41C4-B4F9-417B-AC83-40FEAFF86362}.Debug|Any CPU.Build.0 = Debug|Any CPU
		{82BA41C4-B4F9-417B-AC83-40FEAFF86362}.Release|Any CPU.ActiveCfg = Release|Any CPU
		{82BA41C4-B4F9-417B-AC83-40FEAFF86362}.Release|Any CPU.Build.0 = Release|Any CPU
		{E23B9601-3DDD-4A22-AC86-A864092027A5}.Debug|Any CPU.ActiveCfg = Debug|Any CPU
		{E23B9601-3DDD-4A22-AC86-A864092027A5}.Debug|Any CPU.Build.0 = Debug|Any CPU
		{E23B9601-3DDD-4A22-AC86-A864092027A5}.Release|Any CPU.ActiveCfg = Release|Any CPU
		{E23B9601-3DDD-4A22-AC86-A864092027A5}.Release|Any CPU.Build.0 = Release|Any CPU
	EndGlobalSection
	GlobalSection(SolutionProperties) = preSolution
		HideSolutionNode = FALSE
	EndGlobalSection
	GlobalSection(ExtensibilityGlobals) = postSolution
		SolutionGuid = {D865F809-94DD-4C85-A37D-B997B29A2DDF}
	EndGlobalSection
EndGlobal
